// !$*UTF8*$!
{
	archiveVersion = 1;
	classes = {
	};
	objectVersion = 50;
	objects = {

/* Begin PBXBuildFile section */
		33FFE82D2F8D76A5F7256A89 /* Pods_wordBeaver.framework in Frameworks */ = {isa = PBXBuildFile; fileRef = 70DF98DFBC0BCCEC1C9C1CAF /* Pods_wordBeaver.framework */; };
		897AC26D21D298E000F7AB14 /* NotificationsViewController.swift in Sources */ = {isa = PBXBuildFile; fileRef = 897AC26C21D298E000F7AB14 /* NotificationsViewController.swift */; };
		897AC27321D31BF700F7AB14 /* CardPartNotificationsController.swift in Sources */ = {isa = PBXBuildFile; fileRef = 897AC27221D31BF700F7AB14 /* CardPartNotificationsController.swift */; };
		897AC27521D3372600F7AB14 /* CardPartBarViewController.swift in Sources */ = {isa = PBXBuildFile; fileRef = 897AC27421D3372600F7AB14 /* CardPartBarViewController.swift */; };
		897AC27721D438E400F7AB14 /* CardChartViewController.swift in Sources */ = {isa = PBXBuildFile; fileRef = 897AC27621D438E400F7AB14 /* CardChartViewController.swift */; };
		897AC27921D4565800F7AB14 /* wordsFullChEn.txt in Resources */ = {isa = PBXBuildFile; fileRef = 897AC27821D4565800F7AB14 /* wordsFullChEn.txt */; };
		897AC27B21D459DD00F7AB14 /* LanguageViewController.swift in Sources */ = {isa = PBXBuildFile; fileRef = 897AC27A21D459DD00F7AB14 /* LanguageViewController.swift */; };
		897AC27D21D46B6200F7AB14 /* wordsFullChRu.txt in Resources */ = {isa = PBXBuildFile; fileRef = 897AC27C21D46B6200F7AB14 /* wordsFullChRu.txt */; };
		897AC27F21D4731400F7AB14 /* PrivacyPolicyViewController.swift in Sources */ = {isa = PBXBuildFile; fileRef = 897AC27E21D4731400F7AB14 /* PrivacyPolicyViewController.swift */; };
		897AC28121D51B7B00F7AB14 /* CardHelpViewController.swift in Sources */ = {isa = PBXBuildFile; fileRef = 897AC28021D51B7B00F7AB14 /* CardHelpViewController.swift */; };
		897AC28621D52E0700F7AB14 /* CardPrivacyViewController.swift in Sources */ = {isa = PBXBuildFile; fileRef = 897AC28521D52E0700F7AB14 /* CardPrivacyViewController.swift */; };
		897AC28821D557CF00F7AB14 /* Images.xcassets in Resources */ = {isa = PBXBuildFile; fileRef = 897AC28721D557CF00F7AB14 /* Images.xcassets */; };
		89814C5321CD7FFA0006723C /* AppDelegate.swift in Sources */ = {isa = PBXBuildFile; fileRef = 89814C5221CD7FFA0006723C /* AppDelegate.swift */; };
		89814C5A21CD7FFA0006723C /* Main.storyboard in Resources */ = {isa = PBXBuildFile; fileRef = 89814C5821CD7FFA0006723C /* Main.storyboard */; };
		89814C5C21CD7FFC0006723C /* Assets.xcassets in Resources */ = {isa = PBXBuildFile; fileRef = 89814C5B21CD7FFC0006723C /* Assets.xcassets */; };
		89814C5F21CD7FFC0006723C /* LaunchScreen.storyboard in Resources */ = {isa = PBXBuildFile; fileRef = 89814C5D21CD7FFC0006723C /* LaunchScreen.storyboard */; };
		89814C6A21CD7FFC0006723C /* wordBeaverTests.swift in Sources */ = {isa = PBXBuildFile; fileRef = 89814C6921CD7FFC0006723C /* wordBeaverTests.swift */; };
		89814C7521CD7FFC0006723C /* wordBeaverUITests.swift in Sources */ = {isa = PBXBuildFile; fileRef = 89814C7421CD7FFC0006723C /* wordBeaverUITests.swift */; };
		89814C8521CDA8190006723C /* TrainViewController.swift in Sources */ = {isa = PBXBuildFile; fileRef = 89814C8421CDA8190006723C /* TrainViewController.swift */; };
		89868C1D21CDC32100C22A49 /* CardPartPagedViewCardController.swift in Sources */ = {isa = PBXBuildFile; fileRef = 89868C1C21CDC32100C22A49 /* CardPartPagedViewCardController.swift */; };
		89868C1F21CDC42700C22A49 /* CardPartButtonViewCardController.swift in Sources */ = {isa = PBXBuildFile; fileRef = 89868C1E21CDC42700C22A49 /* CardPartButtonViewCardController.swift */; };
		89868C2821CE208800C22A49 /* wordsFull.txt in Resources */ = {isa = PBXBuildFile; fileRef = 89868C2621CE208800C22A49 /* wordsFull.txt */; };
		89868C2921CE208800C22A49 /* wordsFullRu.txt in Resources */ = {isa = PBXBuildFile; fileRef = 89868C2721CE208800C22A49 /* wordsFullRu.txt */; };
		89868C2E21CE364300C22A49 /* LessonViewController.swift in Sources */ = {isa = PBXBuildFile; fileRef = 89868C2D21CE364300C22A49 /* LessonViewController.swift */; };
		89868C3221CE4DCC00C22A49 /* left.png in Resources */ = {isa = PBXBuildFile; fileRef = 89868C3121CE4DCC00C22A49 /* left.png */; };
		89868C3421CE6B9800C22A49 /* Extensions.swift in Sources */ = {isa = PBXBuildFile; fileRef = 89868C3321CE6B9800C22A49 /* Extensions.swift */; };
		89868C3821CEADA100C22A49 /* HistoryController.swift in Sources */ = {isa = PBXBuildFile; fileRef = 89868C3721CEADA100C22A49 /* HistoryController.swift */; };
		89868C3C21CFF48400C22A49 /* RepeatViewController.swift in Sources */ = {isa = PBXBuildFile; fileRef = 89868C3B21CFF48400C22A49 /* RepeatViewController.swift */; };
/* End PBXBuildFile section */

/* Begin PBXContainerItemProxy section */
		89814C6621CD7FFC0006723C /* PBXContainerItemProxy */ = {
			isa = PBXContainerItemProxy;
			containerPortal = 89814C4721CD7FFA0006723C /* Project object */;
			proxyType = 1;
			remoteGlobalIDString = 89814C4E21CD7FFA0006723C;
			remoteInfo = wordBeaver;
		};
		89814C7121CD7FFC0006723C /* PBXContainerItemProxy */ = {
			isa = PBXContainerItemProxy;
			containerPortal = 89814C4721CD7FFA0006723C /* Project object */;
			proxyType = 1;
			remoteGlobalIDString = 89814C4E21CD7FFA0006723C;
			remoteInfo = wordBeaver;
		};
/* End PBXContainerItemProxy section */

/* Begin PBXFileReference section */
		25C07BC5AFB0A907941373BC /* Pods-wordBeaver.release.xcconfig */ = {isa = PBXFileReference; includeInIndex = 1; lastKnownFileType = text.xcconfig; name = "Pods-wordBeaver.release.xcconfig"; path = "Pods/Target Support Files/Pods-wordBeaver/Pods-wordBeaver.release.xcconfig"; sourceTree = "<group>"; };
		5F4BDC43623FE56686C4058A /* Pods-wordBeaver.debug.xcconfig */ = {isa = PBXFileReference; includeInIndex = 1; lastKnownFileType = text.xcconfig; name = "Pods-wordBeaver.debug.xcconfig"; path = "Pods/Target Support Files/Pods-wordBeaver/Pods-wordBeaver.debug.xcconfig"; sourceTree = "<group>"; };
		70DF98DFBC0BCCEC1C9C1CAF /* Pods_wordBeaver.framework */ = {isa = PBXFileReference; explicitFileType = wrapper.framework; includeInIndex = 0; path = Pods_wordBeaver.framework; sourceTree = BUILT_PRODUCTS_DIR; };
		897AC26C21D298E000F7AB14 /* NotificationsViewController.swift */ = {isa = PBXFileReference; lastKnownFileType = sourcecode.swift; path = NotificationsViewController.swift; sourceTree = "<group>"; };
		897AC27221D31BF700F7AB14 /* CardPartNotificationsController.swift */ = {isa = PBXFileReference; lastKnownFileType = sourcecode.swift; path = CardPartNotificationsController.swift; sourceTree = "<group>"; };
		897AC27421D3372600F7AB14 /* CardPartBarViewController.swift */ = {isa = PBXFileReference; lastKnownFileType = sourcecode.swift; path = CardPartBarViewController.swift; sourceTree = "<group>"; };
		897AC27621D438E400F7AB14 /* CardChartViewController.swift */ = {isa = PBXFileReference; lastKnownFileType = sourcecode.swift; path = CardChartViewController.swift; sourceTree = "<group>"; };
		897AC27821D4565800F7AB14 /* wordsFullChEn.txt */ = {isa = PBXFileReference; lastKnownFileType = text; path = wordsFullChEn.txt; sourceTree = "<group>"; };
		897AC27A21D459DD00F7AB14 /* LanguageViewController.swift */ = {isa = PBXFileReference; lastKnownFileType = sourcecode.swift; path = LanguageViewController.swift; sourceTree = "<group>"; };
		897AC27C21D46B6200F7AB14 /* wordsFullChRu.txt */ = {isa = PBXFileReference; lastKnownFileType = text; path = wordsFullChRu.txt; sourceTree = "<group>"; };
		897AC27E21D4731400F7AB14 /* PrivacyPolicyViewController.swift */ = {isa = PBXFileReference; lastKnownFileType = sourcecode.swift; path = PrivacyPolicyViewController.swift; sourceTree = "<group>"; };
		897AC28021D51B7B00F7AB14 /* CardHelpViewController.swift */ = {isa = PBXFileReference; lastKnownFileType = sourcecode.swift; path = CardHelpViewController.swift; sourceTree = "<group>"; };
		897AC28521D52E0700F7AB14 /* CardPrivacyViewController.swift */ = {isa = PBXFileReference; lastKnownFileType = sourcecode.swift; path = CardPrivacyViewController.swift; sourceTree = "<group>"; };
		897AC28721D557CF00F7AB14 /* Images.xcassets */ = {isa = PBXFileReference; lastKnownFileType = folder.assetcatalog; path = Images.xcassets; sourceTree = "<group>"; };
		89814C4F21CD7FFA0006723C /* wordBeaver.app */ = {isa = PBXFileReference; explicitFileType = wrapper.application; includeInIndex = 0; path = wordBeaver.app; sourceTree = BUILT_PRODUCTS_DIR; };
		89814C5221CD7FFA0006723C /* AppDelegate.swift */ = {isa = PBXFileReference; lastKnownFileType = sourcecode.swift; path = AppDelegate.swift; sourceTree = "<group>"; };
		89814C5921CD7FFA0006723C /* Base */ = {isa = PBXFileReference; lastKnownFileType = file.storyboard; name = Base; path = Base.lproj/Main.storyboard; sourceTree = "<group>"; };
		89814C5B21CD7FFC0006723C /* Assets.xcassets */ = {isa = PBXFileReference; lastKnownFileType = folder.assetcatalog; path = Assets.xcassets; sourceTree = "<group>"; };
		89814C5E21CD7FFC0006723C /* Base */ = {isa = PBXFileReference; lastKnownFileType = file.storyboard; name = Base; path = Base.lproj/LaunchScreen.storyboard; sourceTree = "<group>"; };
		89814C6021CD7FFC0006723C /* Info.plist */ = {isa = PBXFileReference; lastKnownFileType = text.plist.xml; path = Info.plist; sourceTree = "<group>"; };
		89814C6521CD7FFC0006723C /* wordBeaverTests.xctest */ = {isa = PBXFileReference; explicitFileType = wrapper.cfbundle; includeInIndex = 0; path = wordBeaverTests.xctest; sourceTree = BUILT_PRODUCTS_DIR; };
		89814C6921CD7FFC0006723C /* wordBeaverTests.swift */ = {isa = PBXFileReference; lastKnownFileType = sourcecode.swift; path = wordBeaverTests.swift; sourceTree = "<group>"; };
		89814C6B21CD7FFC0006723C /* Info.plist */ = {isa = PBXFileReference; lastKnownFileType = text.plist.xml; path = Info.plist; sourceTree = "<group>"; };
		89814C7021CD7FFC0006723C /* wordBeaverUITests.xctest */ = {isa = PBXFileReference; explicitFileType = wrapper.cfbundle; includeInIndex = 0; path = wordBeaverUITests.xctest; sourceTree = BUILT_PRODUCTS_DIR; };
		89814C7421CD7FFC0006723C /* wordBeaverUITests.swift */ = {isa = PBXFileReference; lastKnownFileType = sourcecode.swift; path = wordBeaverUITests.swift; sourceTree = "<group>"; };
		89814C7621CD7FFC0006723C /* Info.plist */ = {isa = PBXFileReference; lastKnownFileType = text.plist.xml; path = Info.plist; sourceTree = "<group>"; };
		89814C8421CDA8190006723C /* TrainViewController.swift */ = {isa = PBXFileReference; lastKnownFileType = sourcecode.swift; path = TrainViewController.swift; sourceTree = "<group>"; };
		89868C1C21CDC32100C22A49 /* CardPartPagedViewCardController.swift */ = {isa = PBXFileReference; fileEncoding = 4; lastKnownFileType = sourcecode.swift; path = CardPartPagedViewCardController.swift; sourceTree = "<group>"; };
		89868C1E21CDC42700C22A49 /* CardPartButtonViewCardController.swift */ = {isa = PBXFileReference; fileEncoding = 4; lastKnownFileType = sourcecode.swift; path = CardPartButtonViewCardController.swift; sourceTree = "<group>"; };
		89868C2621CE208800C22A49 /* wordsFull.txt */ = {isa = PBXFileReference; lastKnownFileType = text; path = wordsFull.txt; sourceTree = "<group>"; };
		89868C2721CE208800C22A49 /* wordsFullRu.txt */ = {isa = PBXFileReference; lastKnownFileType = text; path = wordsFullRu.txt; sourceTree = "<group>"; };
		89868C2D21CE364300C22A49 /* LessonViewController.swift */ = {isa = PBXFileReference; lastKnownFileType = sourcecode.swift; path = LessonViewController.swift; sourceTree = "<group>"; };
		89868C3121CE4DCC00C22A49 /* left.png */ = {isa = PBXFileReference; lastKnownFileType = image.png; path = left.png; sourceTree = "<group>"; };
		89868C3321CE6B9800C22A49 /* Extensions.swift */ = {isa = PBXFileReference; lastKnownFileType = sourcecode.swift; path = Extensions.swift; sourceTree = "<group>"; };
		89868C3721CEADA100C22A49 /* HistoryController.swift */ = {isa = PBXFileReference; lastKnownFileType = sourcecode.swift; path = HistoryController.swift; sourceTree = "<group>"; };
		89868C3B21CFF48400C22A49 /* RepeatViewController.swift */ = {isa = PBXFileReference; lastKnownFileType = sourcecode.swift; path = RepeatViewController.swift; sourceTree = "<group>"; };
/* End PBXFileReference section */

/* Begin PBXFrameworksBuildPhase section */
		89814C4C21CD7FFA0006723C /* Frameworks */ = {
			isa = PBXFrameworksBuildPhase;
			buildActionMask = 2147483647;
			files = (
				33FFE82D2F8D76A5F7256A89 /* Pods_wordBeaver.framework in Frameworks */,
			);
			runOnlyForDeploymentPostprocessing = 0;
		};
		89814C6221CD7FFC0006723C /* Frameworks */ = {
			isa = PBXFrameworksBuildPhase;
			buildActionMask = 2147483647;
			files = (
			);
			runOnlyForDeploymentPostprocessing = 0;
		};
		89814C6D21CD7FFC0006723C /* Frameworks */ = {
			isa = PBXFrameworksBuildPhase;
			buildActionMask = 2147483647;
			files = (
			);
			runOnlyForDeploymentPostprocessing = 0;
		};
/* End PBXFrameworksBuildPhase section */

/* Begin PBXGroup section */
		57E39F00FAD8DF306D5E62B6 /* Pods */ = {
			isa = PBXGroup;
			children = (
				5F4BDC43623FE56686C4058A /* Pods-wordBeaver.debug.xcconfig */,
				25C07BC5AFB0A907941373BC /* Pods-wordBeaver.release.xcconfig */,
			);
			name = Pods;
			sourceTree = "<group>";
		};
		897AC28221D52D6800F7AB14 /* CardPartControllers */ = {
			isa = PBXGroup;
			children = (
				89868C1E21CDC42700C22A49 /* CardPartButtonViewCardController.swift */,
				89868C1C21CDC32100C22A49 /* CardPartPagedViewCardController.swift */,
				897AC27421D3372600F7AB14 /* CardPartBarViewController.swift */,
				897AC27221D31BF700F7AB14 /* CardPartNotificationsController.swift */,
				897AC27621D438E400F7AB14 /* CardChartViewController.swift */,
				897AC28021D51B7B00F7AB14 /* CardHelpViewController.swift */,
				897AC28521D52E0700F7AB14 /* CardPrivacyViewController.swift */,
			);
			path = CardPartControllers;
			sourceTree = "<group>";
		};
		89814C4621CD7FFA0006723C = {
			isa = PBXGroup;
			children = (
				89868C2A21CE20B000C22A49 /* Dicts */,
				89814C5121CD7FFA0006723C /* wordBeaver */,
				89814C6821CD7FFC0006723C /* wordBeaverTests */,
				89814C7321CD7FFC0006723C /* wordBeaverUITests */,
				89814C5021CD7FFA0006723C /* Products */,
				57E39F00FAD8DF306D5E62B6 /* Pods */,
				FFB9E3F866B977357AC6C489 /* Frameworks */,
			);
			sourceTree = "<group>";
		};
		89814C5021CD7FFA0006723C /* Products */ = {
			isa = PBXGroup;
			children = (
				89814C4F21CD7FFA0006723C /* wordBeaver.app */,
				89814C6521CD7FFC0006723C /* wordBeaverTests.xctest */,
				89814C7021CD7FFC0006723C /* wordBeaverUITests.xctest */,
			);
			name = Products;
			sourceTree = "<group>";
		};
		89814C5121CD7FFA0006723C /* wordBeaver */ = {
			isa = PBXGroup;
			children = (
				89868C3121CE4DCC00C22A49 /* left.png */,
				89814C8421CDA8190006723C /* TrainViewController.swift */,
				89868C2D21CE364300C22A49 /* LessonViewController.swift */,
				89868C3B21CFF48400C22A49 /* RepeatViewController.swift */,
				89868C3721CEADA100C22A49 /* HistoryController.swift */,
				897AC26C21D298E000F7AB14 /* NotificationsViewController.swift */,
				897AC27A21D459DD00F7AB14 /* LanguageViewController.swift */,
				897AC27E21D4731400F7AB14 /* PrivacyPolicyViewController.swift */,
				89814C5221CD7FFA0006723C /* AppDelegate.swift */,
				89814C5B21CD7FFC0006723C /* Assets.xcassets */,
				89814C5821CD7FFA0006723C /* Main.storyboard */,
				89814C5D21CD7FFC0006723C /* LaunchScreen.storyboard */,
				89814C6021CD7FFC0006723C /* Info.plist */,
				897AC28221D52D6800F7AB14 /* CardPartControllers */,
				89868C3321CE6B9800C22A49 /* Extensions.swift */,
				897AC28721D557CF00F7AB14 /* Images.xcassets */,
			);
			path = wordBeaver;
			sourceTree = "<group>";
		};
		89814C6821CD7FFC0006723C /* wordBeaverTests */ = {
			isa = PBXGroup;
			children = (
				89814C6921CD7FFC0006723C /* wordBeaverTests.swift */,
				89814C6B21CD7FFC0006723C /* Info.plist */,
			);
			path = wordBeaverTests;
			sourceTree = "<group>";
		};
		89814C7321CD7FFC0006723C /* wordBeaverUITests */ = {
			isa = PBXGroup;
			children = (
				89814C7421CD7FFC0006723C /* wordBeaverUITests.swift */,
				89814C7621CD7FFC0006723C /* Info.plist */,
			);
			path = wordBeaverUITests;
			sourceTree = "<group>";
		};
		89868C2A21CE20B000C22A49 /* Dicts */ = {
			isa = PBXGroup;
			children = (
				897AC27C21D46B6200F7AB14 /* wordsFullChRu.txt */,
				897AC27821D4565800F7AB14 /* wordsFullChEn.txt */,
				89868C2721CE208800C22A49 /* wordsFullRu.txt */,
				89868C2621CE208800C22A49 /* wordsFull.txt */,
			);
			path = Dicts;
			sourceTree = "<group>";
		};
		FFB9E3F866B977357AC6C489 /* Frameworks */ = {
			isa = PBXGroup;
			children = (
				70DF98DFBC0BCCEC1C9C1CAF /* Pods_wordBeaver.framework */,
			);
			name = Frameworks;
			sourceTree = "<group>";
		};
/* End PBXGroup section */

/* Begin PBXNativeTarget section */
		89814C4E21CD7FFA0006723C /* wordBeaver */ = {
			isa = PBXNativeTarget;
			buildConfigurationList = 89814C7921CD7FFC0006723C /* Build configuration list for PBXNativeTarget "wordBeaver" */;
			buildPhases = (
				72F5741DD91639A946D61F21 /* [CP] Check Pods Manifest.lock */,
				89814C4B21CD7FFA0006723C /* Sources */,
				89814C4C21CD7FFA0006723C /* Frameworks */,
				89814C4D21CD7FFA0006723C /* Resources */,
				C271B9E9EF2AACE0835CA9D3 /* [CP] Embed Pods Frameworks */,
			);
			buildRules = (
			);
			dependencies = (
			);
			name = wordBeaver;
			productName = wordBeaver;
			productReference = 89814C4F21CD7FFA0006723C /* wordBeaver.app */;
			productType = "com.apple.product-type.application";
		};
		89814C6421CD7FFC0006723C /* wordBeaverTests */ = {
			isa = PBXNativeTarget;
			buildConfigurationList = 89814C7C21CD7FFC0006723C /* Build configuration list for PBXNativeTarget "wordBeaverTests" */;
			buildPhases = (
				89814C6121CD7FFC0006723C /* Sources */,
				89814C6221CD7FFC0006723C /* Frameworks */,
				89814C6321CD7FFC0006723C /* Resources */,
			);
			buildRules = (
			);
			dependencies = (
				89814C6721CD7FFC0006723C /* PBXTargetDependency */,
			);
			name = wordBeaverTests;
			productName = wordBeaverTests;
			productReference = 89814C6521CD7FFC0006723C /* wordBeaverTests.xctest */;
			productType = "com.apple.product-type.bundle.unit-test";
		};
		89814C6F21CD7FFC0006723C /* wordBeaverUITests */ = {
			isa = PBXNativeTarget;
			buildConfigurationList = 89814C7F21CD7FFC0006723C /* Build configuration list for PBXNativeTarget "wordBeaverUITests" */;
			buildPhases = (
				89814C6C21CD7FFC0006723C /* Sources */,
				89814C6D21CD7FFC0006723C /* Frameworks */,
				89814C6E21CD7FFC0006723C /* Resources */,
			);
			buildRules = (
			);
			dependencies = (
				89814C7221CD7FFC0006723C /* PBXTargetDependency */,
			);
			name = wordBeaverUITests;
			productName = wordBeaverUITests;
			productReference = 89814C7021CD7FFC0006723C /* wordBeaverUITests.xctest */;
			productType = "com.apple.product-type.bundle.ui-testing";
		};
/* End PBXNativeTarget section */

/* Begin PBXProject section */
		89814C4721CD7FFA0006723C /* Project object */ = {
			isa = PBXProject;
			attributes = {
				LastSwiftUpdateCheck = 1010;
				LastUpgradeCheck = 1010;
				ORGANIZATIONNAME = rodiv;
				TargetAttributes = {
					89814C4E21CD7FFA0006723C = {
						CreatedOnToolsVersion = 10.1;
					};
					89814C6421CD7FFC0006723C = {
						CreatedOnToolsVersion = 10.1;
						TestTargetID = 89814C4E21CD7FFA0006723C;
					};
					89814C6F21CD7FFC0006723C = {
						CreatedOnToolsVersion = 10.1;
						TestTargetID = 89814C4E21CD7FFA0006723C;
					};
				};
			};
			buildConfigurationList = 89814C4A21CD7FFA0006723C /* Build configuration list for PBXProject "wordBeaver" */;
			compatibilityVersion = "Xcode 9.3";
			developmentRegion = en;
			hasScannedForEncodings = 0;
			knownRegions = (
				en,
				Base,
			);
			mainGroup = 89814C4621CD7FFA0006723C;
			productRefGroup = 89814C5021CD7FFA0006723C /* Products */;
			projectDirPath = "";
			projectRoot = "";
			targets = (
				89814C4E21CD7FFA0006723C /* wordBeaver */,
				89814C6421CD7FFC0006723C /* wordBeaverTests */,
				89814C6F21CD7FFC0006723C /* wordBeaverUITests */,
			);
		};
/* End PBXProject section */

/* Begin PBXResourcesBuildPhase section */
		89814C4D21CD7FFA0006723C /* Resources */ = {
			isa = PBXResourcesBuildPhase;
			buildActionMask = 2147483647;
			files = (
				897AC28821D557CF00F7AB14 /* Images.xcassets in Resources */,
				897AC27D21D46B6200F7AB14 /* wordsFullChRu.txt in Resources */,
				897AC27921D4565800F7AB14 /* wordsFullChEn.txt in Resources */,
				89868C2821CE208800C22A49 /* wordsFull.txt in Resources */,
				89868C2921CE208800C22A49 /* wordsFullRu.txt in Resources */,
				89868C3221CE4DCC00C22A49 /* left.png in Resources */,
				89814C5F21CD7FFC0006723C /* LaunchScreen.storyboard in Resources */,
				89814C5C21CD7FFC0006723C /* Assets.xcassets in Resources */,
				89814C5A21CD7FFA0006723C /* Main.storyboard in Resources */,
			);
			runOnlyForDeploymentPostprocessing = 0;
		};
		89814C6321CD7FFC0006723C /* Resources */ = {
			isa = PBXResourcesBuildPhase;
			buildActionMask = 2147483647;
			files = (
			);
			runOnlyForDeploymentPostprocessing = 0;
		};
		89814C6E21CD7FFC0006723C /* Resources */ = {
			isa = PBXResourcesBuildPhase;
			buildActionMask = 2147483647;
			files = (
			);
			runOnlyForDeploymentPostprocessing = 0;
		};
/* End PBXResourcesBuildPhase section */

/* Begin PBXShellScriptBuildPhase section */
		72F5741DD91639A946D61F21 /* [CP] Check Pods Manifest.lock */ = {
			isa = PBXShellScriptBuildPhase;
			buildActionMask = 2147483647;
			files = (
			);
			inputFileListPaths = (
			);
			inputPaths = (
				"${PODS_PODFILE_DIR_PATH}/Podfile.lock",
				"${PODS_ROOT}/Manifest.lock",
			);
			name = "[CP] Check Pods Manifest.lock";
			outputFileListPaths = (
			);
			outputPaths = (
				"$(DERIVED_FILE_DIR)/Pods-wordBeaver-checkManifestLockResult.txt",
			);
			runOnlyForDeploymentPostprocessing = 0;
			shellPath = /bin/sh;
			shellScript = "diff \"${PODS_PODFILE_DIR_PATH}/Podfile.lock\" \"${PODS_ROOT}/Manifest.lock\" > /dev/null\nif [ $? != 0 ] ; then\n    # print error to STDERR\n    echo \"error: The sandbox is not in sync with the Podfile.lock. Run 'pod install' or update your CocoaPods installation.\" >&2\n    exit 1\nfi\n# This output is used by Xcode 'outputs' to avoid re-running this script phase.\necho \"SUCCESS\" > \"${SCRIPT_OUTPUT_FILE_0}\"\n";
			showEnvVarsInLog = 0;
		};
		C271B9E9EF2AACE0835CA9D3 /* [CP] Embed Pods Frameworks */ = {
			isa = PBXShellScriptBuildPhase;
			buildActionMask = 2147483647;
			files = (
			);
			inputFileListPaths = (
			);
			inputPaths = (
				"${SRCROOT}/Pods/Target Support Files/Pods-wordBeaver/Pods-wordBeaver-frameworks.sh",
				"${BUILT_PRODUCTS_DIR}/CardParts/CardParts.framework",
				"${BUILT_PRODUCTS_DIR}/Charts/Charts.framework",
				"${BUILT_PRODUCTS_DIR}/Differentiator/Differentiator.framework",
				"${BUILT_PRODUCTS_DIR}/RxAtomic/RxAtomic.framework",
				"${BUILT_PRODUCTS_DIR}/RxCocoa/RxCocoa.framework",
				"${BUILT_PRODUCTS_DIR}/RxDataSources/RxDataSources.framework",
				"${BUILT_PRODUCTS_DIR}/RxGesture/RxGesture.framework",
				"${BUILT_PRODUCTS_DIR}/RxSwift/RxSwift.framework",
			);
			name = "[CP] Embed Pods Frameworks";
			outputFileListPaths = (
			);
			outputPaths = (
				"${TARGET_BUILD_DIR}/${FRAMEWORKS_FOLDER_PATH}/CardParts.framework",
				"${TARGET_BUILD_DIR}/${FRAMEWORKS_FOLDER_PATH}/Charts.framework",
				"${TARGET_BUILD_DIR}/${FRAMEWORKS_FOLDER_PATH}/Differentiator.framework",
				"${TARGET_BUILD_DIR}/${FRAMEWORKS_FOLDER_PATH}/RxAtomic.framework",
				"${TARGET_BUILD_DIR}/${FRAMEWORKS_FOLDER_PATH}/RxCocoa.framework",
				"${TARGET_BUILD_DIR}/${FRAMEWORKS_FOLDER_PATH}/RxDataSources.framework",
				"${TARGET_BUILD_DIR}/${FRAMEWORKS_FOLDER_PATH}/RxGesture.framework",
				"${TARGET_BUILD_DIR}/${FRAMEWORKS_FOLDER_PATH}/RxSwift.framework",
			);
			runOnlyForDeploymentPostprocessing = 0;
			shellPath = /bin/sh;
			shellScript = "\"${SRCROOT}/Pods/Target Support Files/Pods-wordBeaver/Pods-wordBeaver-frameworks.sh\"\n";
			showEnvVarsInLog = 0;
		};
/* End PBXShellScriptBuildPhase section */

/* Begin PBXSourcesBuildPhase section */
		89814C4B21CD7FFA0006723C /* Sources */ = {
			isa = PBXSourcesBuildPhase;
			buildActionMask = 2147483647;
			files = (
				89814C8521CDA8190006723C /* TrainViewController.swift in Sources */,
				897AC28621D52E0700F7AB14 /* CardPrivacyViewController.swift in Sources */,
				897AC27F21D4731400F7AB14 /* PrivacyPolicyViewController.swift in Sources */,
				89868C3821CEADA100C22A49 /* HistoryController.swift in Sources */,
				89814C5321CD7FFA0006723C /* AppDelegate.swift in Sources */,
				89868C1D21CDC32100C22A49 /* CardPartPagedViewCardController.swift in Sources */,
				897AC26D21D298E000F7AB14 /* NotificationsViewController.swift in Sources */,
				897AC28121D51B7B00F7AB14 /* CardHelpViewController.swift in Sources */,
				897AC27321D31BF700F7AB14 /* CardPartNotificationsController.swift in Sources */,
				89868C2E21CE364300C22A49 /* LessonViewController.swift in Sources */,
				897AC27721D438E400F7AB14 /* CardChartViewController.swift in Sources */,
				89868C3421CE6B9800C22A49 /* Extensions.swift in Sources */,
				89868C3C21CFF48400C22A49 /* RepeatViewController.swift in Sources */,
				897AC27B21D459DD00F7AB14 /* LanguageViewController.swift in Sources */,
				897AC27521D3372600F7AB14 /* CardPartBarViewController.swift in Sources */,
				89868C1F21CDC42700C22A49 /* CardPartButtonViewCardController.swift in Sources */,
			);
			runOnlyForDeploymentPostprocessing = 0;
		};
		89814C6121CD7FFC0006723C /* Sources */ = {
			isa = PBXSourcesBuildPhase;
			buildActionMask = 2147483647;
			files = (
				89814C6A21CD7FFC0006723C /* wordBeaverTests.swift in Sources */,
			);
			runOnlyForDeploymentPostprocessing = 0;
		};
		89814C6C21CD7FFC0006723C /* Sources */ = {
			isa = PBXSourcesBuildPhase;
			buildActionMask = 2147483647;
			files = (
				89814C7521CD7FFC0006723C /* wordBeaverUITests.swift in Sources */,
			);
			runOnlyForDeploymentPostprocessing = 0;
		};
/* End PBXSourcesBuildPhase section */

/* Begin PBXTargetDependency section */
		89814C6721CD7FFC0006723C /* PBXTargetDependency */ = {
			isa = PBXTargetDependency;
			target = 89814C4E21CD7FFA0006723C /* wordBeaver */;
			targetProxy = 89814C6621CD7FFC0006723C /* PBXContainerItemProxy */;
		};
		89814C7221CD7FFC0006723C /* PBXTargetDependency */ = {
			isa = PBXTargetDependency;
			target = 89814C4E21CD7FFA0006723C /* wordBeaver */;
			targetProxy = 89814C7121CD7FFC0006723C /* PBXContainerItemProxy */;
		};
/* End PBXTargetDependency section */

/* Begin PBXVariantGroup section */
		89814C5821CD7FFA0006723C /* Main.storyboard */ = {
			isa = PBXVariantGroup;
			children = (
				89814C5921CD7FFA0006723C /* Base */,
			);
			name = Main.storyboard;
			sourceTree = "<group>";
		};
		89814C5D21CD7FFC0006723C /* LaunchScreen.storyboard */ = {
			isa = PBXVariantGroup;
			children = (
				89814C5E21CD7FFC0006723C /* Base */,
			);
			name = LaunchScreen.storyboard;
			sourceTree = "<group>";
		};
/* End PBXVariantGroup section */

/* Begin XCBuildConfiguration section */
		89814C7721CD7FFC0006723C /* Debug */ = {
			isa = XCBuildConfiguration;
			buildSettings = {
				ALWAYS_SEARCH_USER_PATHS = NO;
				CLANG_ANALYZER_NONNULL = YES;
				CLANG_ANALYZER_NUMBER_OBJECT_CONVERSION = YES_AGGRESSIVE;
				CLANG_CXX_LANGUAGE_STANDARD = "gnu++14";
				CLANG_CXX_LIBRARY = "libc++";
				CLANG_ENABLE_MODULES = YES;
				CLANG_ENABLE_OBJC_ARC = YES;
				CLANG_ENABLE_OBJC_WEAK = YES;
				CLANG_WARN_BLOCK_CAPTURE_AUTORELEASING = YES;
				CLANG_WARN_BOOL_CONVERSION = YES;
				CLANG_WARN_COMMA = YES;
				CLANG_WARN_CONSTANT_CONVERSION = YES;
				CLANG_WARN_DEPRECATED_OBJC_IMPLEMENTATIONS = YES;
				CLANG_WARN_DIRECT_OBJC_ISA_USAGE = YES_ERROR;
				CLANG_WARN_DOCUMENTATION_COMMENTS = YES;
				CLANG_WARN_EMPTY_BODY = YES;
				CLANG_WARN_ENUM_CONVERSION = YES;
				CLANG_WARN_INFINITE_RECURSION = YES;
				CLANG_WARN_INT_CONVERSION = YES;
				CLANG_WARN_NON_LITERAL_NULL_CONVERSION = YES;
				CLANG_WARN_OBJC_IMPLICIT_RETAIN_SELF = YES;
				CLANG_WARN_OBJC_LITERAL_CONVERSION = YES;
				CLANG_WARN_OBJC_ROOT_CLASS = YES_ERROR;
				CLANG_WARN_RANGE_LOOP_ANALYSIS = YES;
				CLANG_WARN_STRICT_PROTOTYPES = YES;
				CLANG_WARN_SUSPICIOUS_MOVE = YES;
				CLANG_WARN_UNGUARDED_AVAILABILITY = YES_AGGRESSIVE;
				CLANG_WARN_UNREACHABLE_CODE = YES;
				CLANG_WARN__DUPLICATE_METHOD_MATCH = YES;
				CODE_SIGN_IDENTITY = "iPhone Developer";
				COPY_PHASE_STRIP = NO;
				DEBUG_INFORMATION_FORMAT = dwarf;
				ENABLE_STRICT_OBJC_MSGSEND = YES;
				ENABLE_TESTABILITY = YES;
				GCC_C_LANGUAGE_STANDARD = gnu11;
				GCC_DYNAMIC_NO_PIC = NO;
				GCC_NO_COMMON_BLOCKS = YES;
				GCC_OPTIMIZATION_LEVEL = 0;
				GCC_PREPROCESSOR_DEFINITIONS = (
					"DEBUG=1",
					"$(inherited)",
				);
				GCC_WARN_64_TO_32_BIT_CONVERSION = YES;
				GCC_WARN_ABOUT_RETURN_TYPE = YES_ERROR;
				GCC_WARN_UNDECLARED_SELECTOR = YES;
				GCC_WARN_UNINITIALIZED_AUTOS = YES_AGGRESSIVE;
				GCC_WARN_UNUSED_FUNCTION = YES;
				GCC_WARN_UNUSED_VARIABLE = YES;
				IPHONEOS_DEPLOYMENT_TARGET = 12.1;
				MTL_ENABLE_DEBUG_INFO = INCLUDE_SOURCE;
				MTL_FAST_MATH = YES;
				ONLY_ACTIVE_ARCH = YES;
				SDKROOT = iphoneos;
				SWIFT_ACTIVE_COMPILATION_CONDITIONS = DEBUG;
				SWIFT_OPTIMIZATION_LEVEL = "-Onone";
			};
			name = Debug;
		};
		89814C7821CD7FFC0006723C /* Release */ = {
			isa = XCBuildConfiguration;
			buildSettings = {
				ALWAYS_SEARCH_USER_PATHS = NO;
				CLANG_ANALYZER_NONNULL = YES;
				CLANG_ANALYZER_NUMBER_OBJECT_CONVERSION = YES_AGGRESSIVE;
				CLANG_CXX_LANGUAGE_STANDARD = "gnu++14";
				CLANG_CXX_LIBRARY = "libc++";
				CLANG_ENABLE_MODULES = YES;
				CLANG_ENABLE_OBJC_ARC = YES;
				CLANG_ENABLE_OBJC_WEAK = YES;
				CLANG_WARN_BLOCK_CAPTURE_AUTORELEASING = YES;
				CLANG_WARN_BOOL_CONVERSION = YES;
				CLANG_WARN_COMMA = YES;
				CLANG_WARN_CONSTANT_CONVERSION = YES;
				CLANG_WARN_DEPRECATED_OBJC_IMPLEMENTATIONS = YES;
				CLANG_WARN_DIRECT_OBJC_ISA_USAGE = YES_ERROR;
				CLANG_WARN_DOCUMENTATION_COMMENTS = YES;
				CLANG_WARN_EMPTY_BODY = YES;
				CLANG_WARN_ENUM_CONVERSION = YES;
				CLANG_WARN_INFINITE_RECURSION = YES;
				CLANG_WARN_INT_CONVERSION = YES;
				CLANG_WARN_NON_LITERAL_NULL_CONVERSION = YES;
				CLANG_WARN_OBJC_IMPLICIT_RETAIN_SELF = YES;
				CLANG_WARN_OBJC_LITERAL_CONVERSION = YES;
				CLANG_WARN_OBJC_ROOT_CLASS = YES_ERROR;
				CLANG_WARN_RANGE_LOOP_ANALYSIS = YES;
				CLANG_WARN_STRICT_PROTOTYPES = YES;
				CLANG_WARN_SUSPICIOUS_MOVE = YES;
				CLANG_WARN_UNGUARDED_AVAILABILITY = YES_AGGRESSIVE;
				CLANG_WARN_UNREACHABLE_CODE = YES;
				CLANG_WARN__DUPLICATE_METHOD_MATCH = YES;
				CODE_SIGN_IDENTITY = "iPhone Developer";
				COPY_PHASE_STRIP = NO;
				DEBUG_INFORMATION_FORMAT = "dwarf-with-dsym";
				ENABLE_NS_ASSERTIONS = NO;
				ENABLE_STRICT_OBJC_MSGSEND = YES;
				GCC_C_LANGUAGE_STANDARD = gnu11;
				GCC_NO_COMMON_BLOCKS = YES;
				GCC_WARN_64_TO_32_BIT_CONVERSION = YES;
				GCC_WARN_ABOUT_RETURN_TYPE = YES_ERROR;
				GCC_WARN_UNDECLARED_SELECTOR = YES;
				GCC_WARN_UNINITIALIZED_AUTOS = YES_AGGRESSIVE;
				GCC_WARN_UNUSED_FUNCTION = YES;
				GCC_WARN_UNUSED_VARIABLE = YES;
				IPHONEOS_DEPLOYMENT_TARGET = 12.1;
				MTL_ENABLE_DEBUG_INFO = NO;
				MTL_FAST_MATH = YES;
				SDKROOT = iphoneos;
				SWIFT_COMPILATION_MODE = wholemodule;
				SWIFT_OPTIMIZATION_LEVEL = "-O";
				VALIDATE_PRODUCT = YES;
			};
			name = Release;
		};
		89814C7A21CD7FFC0006723C /* Debug */ = {
			isa = XCBuildConfiguration;
			baseConfigurationReference = 5F4BDC43623FE56686C4058A /* Pods-wordBeaver.debug.xcconfig */;
			buildSettings = {
				ASSETCATALOG_COMPILER_APPICON_NAME = "AppIcon-3";
				ASSETCATALOG_COMPILER_LAUNCHIMAGE_NAME = "LaunchImage-1";
				CODE_SIGN_STYLE = Automatic;
				DEVELOPMENT_TEAM = FD9AJ84994;
				INFOPLIST_FILE = wordBeaver/Info.plist;
				IPHONEOS_DEPLOYMENT_TARGET = 10.0;
				LD_RUNPATH_SEARCH_PATHS = (
					"$(inherited)",
					"@executable_path/Frameworks",
				);
				PRODUCT_BUNDLE_IDENTIFIER = rodiv.wordBeaver;
				PRODUCT_NAME = "$(TARGET_NAME)";
				SWIFT_VERSION = 4.2;
				TARGETED_DEVICE_FAMILY = "1,2";
			};
			name = Debug;
		};
		89814C7B21CD7FFC0006723C /* Release */ = {
			isa = XCBuildConfiguration;
			baseConfigurationReference = 25C07BC5AFB0A907941373BC /* Pods-wordBeaver.release.xcconfig */;
			buildSettings = {
				ASSETCATALOG_COMPILER_APPICON_NAME = "AppIcon-3";
				ASSETCATALOG_COMPILER_LAUNCHIMAGE_NAME = "LaunchImage-1";
				CODE_SIGN_STYLE = Automatic;
				DEVELOPMENT_TEAM = FD9AJ84994;
				INFOPLIST_FILE = wordBeaver/Info.plist;
				IPHONEOS_DEPLOYMENT_TARGET = 10.0;
				LD_RUNPATH_SEARCH_PATHS = (
					"$(inherited)",
					"@executable_path/Frameworks",
				);
				PRODUCT_BUNDLE_IDENTIFIER = rodiv.wordBeaver;
				PRODUCT_NAME = "$(TARGET_NAME)";
				SWIFT_VERSION = 4.2;
				TARGETED_DEVICE_FAMILY = "1,2";
			};
			name = Release;
		};
		89814C7D21CD7FFC0006723C /* Debug */ = {
			isa = XCBuildConfiguration;
			buildSettings = {
				ALWAYS_EMBED_SWIFT_STANDARD_LIBRARIES = YES;
				BUNDLE_LOADER = "$(TEST_HOST)";
				CODE_SIGN_STYLE = Automatic;
				DEVELOPMENT_TEAM = FD9AJ84994;
				INFOPLIST_FILE = wordBeaverTests/Info.plist;
				LD_RUNPATH_SEARCH_PATHS = (
					"$(inherited)",
					"@executable_path/Frameworks",
					"@loader_path/Frameworks",
				);
				PRODUCT_BUNDLE_IDENTIFIER = rodiv.wordBeaverTests;
				PRODUCT_NAME = "$(TARGET_NAME)";
				SWIFT_VERSION = 4.2;
				TARGETED_DEVICE_FAMILY = "1,2";
				TEST_HOST = "$(BUILT_PRODUCTS_DIR)/wordBeaver.app/wordBeaver";
			};
			name = Debug;
		};
		89814C7E21CD7FFC0006723C /* Release */ = {
			isa = XCBuildConfiguration;
			buildSettings = {
				ALWAYS_EMBED_SWIFT_STANDARD_LIBRARIES = YES;
				BUNDLE_LOADER = "$(TEST_HOST)";
				CODE_SIGN_STYLE = Automatic;
				DEVELOPMENT_TEAM = FD9AJ84994;
				INFOPLIST_FILE = wordBeaverTests/Info.plist;
				LD_RUNPATH_SEARCH_PATHS = (
					"$(inherited)",
					"@executable_path/Frameworks",
					"@loader_path/Frameworks",
				);
				PRODUCT_BUNDLE_IDENTIFIER = rodiv.wordBeaverTests;
				PRODUCT_NAME = "$(TARGET_NAME)";
				SWIFT_VERSION = 4.2;
				TARGETED_DEVICE_FAMILY = "1,2";
				TEST_HOST = "$(BUILT_PRODUCTS_DIR)/wordBeaver.app/wordBeaver";
			};
			name = Release;
		};
		89814C8021CD7FFC0006723C /* Debug */ = {
			isa = XCBuildConfiguration;
			buildSettings = {
				ALWAYS_EMBED_SWIFT_STANDARD_LIBRARIES = YES;
				CODE_SIGN_STYLE = Automatic;
				DEVELOPMENT_TEAM = FD9AJ84994;
				INFOPLIST_FILE = wordBeaverUITests/Info.plist;
				LD_RUNPATH_SEARCH_PATHS = (
					"$(inherited)",
					"@executable_path/Frameworks",
					"@loader_path/Frameworks",
				);
				PRODUCT_BUNDLE_IDENTIFIER = rodiv.wordBeaverUITests;
				PRODUCT_NAME = "$(TARGET_NAME)";
				SWIFT_VERSION = 4.2;
				TARGETED_DEVICE_FAMILY = "1,2";
				TEST_TARGET_NAME = wordBeaver;
			};
			name = Debug;
		};
		89814C8121CD7FFC0006723C /* Release */ = {
			isa = XCBuildConfiguration;
			buildSettings = {
				ALWAYS_EMBED_SWIFT_STANDARD_LIBRARIES = YES;
				CODE_SIGN_STYLE = Automatic;
				DEVELOPMENT_TEAM = FD9AJ84994;
				INFOPLIST_FILE = wordBeaverUITests/Info.plist;
				LD_RUNPATH_SEARCH_PATHS = (
					"$(inherited)",
					"@executable_path/Frameworks",
					"@loader_path/Frameworks",
				);
				PRODUCT_BUNDLE_IDENTIFIER = rodiv.wordBeaverUITests;
				PRODUCT_NAME = "$(TARGET_NAME)";
				SWIFT_VERSION = 4.2;
				TARGETED_DEVICE_FAMILY = "1,2";
				TEST_TARGET_NAME = wordBeaver;
			};
			name = Release;
		};
/* End XCBuildConfiguration section */

/* Begin XCConfigurationList section */
		89814C4A21CD7FFA0006723C /* Build configuration list for PBXProject "wordBeaver" */ = {
			isa = XCConfigurationList;
			buildConfigurations = (
				89814C7721CD7FFC0006723C /* Debug */,
				89814C7821CD7FFC0006723C /* Release */,
			);
			defaultConfigurationIsVisible = 0;
			defaultConfigurationName = Release;
		};
		89814C7921CD7FFC0006723C /* Build configuration list for PBXNativeTarget "wordBeaver" */ = {
			isa = XCConfigurationList;
			buildConfigurations = (
				89814C7A21CD7FFC0006723C /* Debug */,
				89814C7B21CD7FFC0006723C /* Release */,
			);
			defaultConfigurationIsVisible = 0;
			defaultConfigurationName = Release;
		};
		89814C7C21CD7FFC0006723C /* Build configuration list for PBXNativeTarget "wordBeaverTests" */ = {
			isa = XCConfigurationList;
			buildConfigurations = (
				89814C7D21CD7FFC0006723C /* Debug */,
				89814C7E21CD7FFC0006723C /* Release */,
			);
			defaultConfigurationIsVisible = 0;
			defaultConfigurationName = Release;
		};
		89814C7F21CD7FFC0006723C /* Build configuration list for PBXNativeTarget "wordBeaverUITests" */ = {
			isa = XCConfigurationList;
			buildConfigurations = (
				89814C8021CD7FFC0006723C /* Debug */,
				89814C8121CD7FFC0006723C /* Release */,
			);
			defaultConfigurationIsVisible = 0;
			defaultConfigurationName = Release;
		};
/* End XCConfigurationList section */
	};
	rootObject = 89814C4721CD7FFA0006723C /* Project object */;
}
